// !$*UTF8*$!
{
	archiveVersion = 1;
	classes = {
	};
	objectVersion = 46;
	objects = {

/* Begin PBXBuildFile section */
		A5652B7C1E5337830087B2C0 /* AppDelegate.swift in Sources */ = {isa = PBXBuildFile; fileRef = A5652B7B1E5337830087B2C0 /* AppDelegate.swift */; };
		A5652B7E1E5337840087B2C0 /* ViewController.swift in Sources */ = {isa = PBXBuildFile; fileRef = A5652B7D1E5337840087B2C0 /* ViewController.swift */; };
		A5652B811E5337840087B2C0 /* Main.storyboard in Resources */ = {isa = PBXBuildFile; fileRef = A5652B7F1E5337840087B2C0 /* Main.storyboard */; };
		A5652B831E5337850087B2C0 /* Assets.xcassets in Resources */ = {isa = PBXBuildFile; fileRef = A5652B821E5337850087B2C0 /* Assets.xcassets */; };
		A5652B861E5337850087B2C0 /* LaunchScreen.storyboard in Resources */ = {isa = PBXBuildFile; fileRef = A5652B841E5337850087B2C0 /* LaunchScreen.storyboard */; };
		A57D6CB51E589305002D275B /* Metal.framework in Frameworks */ = {isa = PBXBuildFile; fileRef = A57D6CB41E589305002D275B /* Metal.framework */; };
		A5A77222229B881700D7E9B4 /* GPUImage.framework in Frameworks */ = {isa = PBXBuildFile; fileRef = A5A7721E229B87D700D7E9B4 /* GPUImage.framework */; };
		A5A77223229B881700D7E9B4 /* GPUImage.framework in Embed Frameworks */ = {isa = PBXBuildFile; fileRef = A5A7721E229B87D700D7E9B4 /* GPUImage.framework */; settings = {ATTRIBUTES = (CodeSignOnCopy, RemoveHeadersOnCopy, ); }; };
		CB0C65E31FF3489100CBDAC4 /* Foundation.framework in Frameworks */ = {isa = PBXBuildFile; fileRef = CB0C65E21FF3489100CBDAC4 /* Foundation.framework */; };
		CB70C0551E53FB4400AE1DC1 /* libavcodec.a in Frameworks */ = {isa = PBXBuildFile; fileRef = CB70C04E1E53FB4400AE1DC1 /* libavcodec.a */; };
		CB70C0561E53FB4400AE1DC1 /* libavdevice.a in Frameworks */ = {isa = PBXBuildFile; fileRef = CB70C04F1E53FB4400AE1DC1 /* libavdevice.a */; };
		CB70C0571E53FB4400AE1DC1 /* libavfilter.a in Frameworks */ = {isa = PBXBuildFile; fileRef = CB70C0501E53FB4400AE1DC1 /* libavfilter.a */; };
		CB70C0581E53FB4400AE1DC1 /* libavformat.a in Frameworks */ = {isa = PBXBuildFile; fileRef = CB70C0511E53FB4400AE1DC1 /* libavformat.a */; };
		CB70C0591E53FB4400AE1DC1 /* libavutil.a in Frameworks */ = {isa = PBXBuildFile; fileRef = CB70C0521E53FB4400AE1DC1 /* libavutil.a */; };
		CB70C05A1E53FB4400AE1DC1 /* libswresample.a in Frameworks */ = {isa = PBXBuildFile; fileRef = CB70C0531E53FB4400AE1DC1 /* libswresample.a */; };
		CB70C05B1E53FB4400AE1DC1 /* libswscale.a in Frameworks */ = {isa = PBXBuildFile; fileRef = CB70C0541E53FB4400AE1DC1 /* libswscale.a */; };
		CB70C0621E53FBFA00AE1DC1 /* VideoToolbox.framework in Frameworks */ = {isa = PBXBuildFile; fileRef = CB70C0611E53FBFA00AE1DC1 /* VideoToolbox.framework */; };
		CB70C0641E53FCFA00AE1DC1 /* libz.tbd in Frameworks */ = {isa = PBXBuildFile; fileRef = CB70C0631E53FCFA00AE1DC1 /* libz.tbd */; };
		CB70C0661E53FD0400AE1DC1 /* libbz2.tbd in Frameworks */ = {isa = PBXBuildFile; fileRef = CB70C0651E53FD0400AE1DC1 /* libbz2.tbd */; };
		CB70C0681E53FD0C00AE1DC1 /* libiconv.tbd in Frameworks */ = {isa = PBXBuildFile; fileRef = CB70C0671E53FD0C00AE1DC1 /* libiconv.tbd */; };
		CB70C06A1E53FD2B00AE1DC1 /* CoreMedia.framework in Frameworks */ = {isa = PBXBuildFile; fileRef = CB70C0691E53FD2B00AE1DC1 /* CoreMedia.framework */; };
		CB70C06C1E53FD3400AE1DC1 /* AudioToolbox.framework in Frameworks */ = {isa = PBXBuildFile; fileRef = CB70C06B1E53FD3400AE1DC1 /* AudioToolbox.framework */; };
		E5FB847D66032FF3CF6561A5 /* Pods_swiftPlayer.framework in Frameworks */ = {isa = PBXBuildFile; fileRef = 261B640428F3B4947B54779A /* Pods_swiftPlayer.framework */; };
/* End PBXBuildFile section */

/* Begin PBXContainerItemProxy section */
		A5A77219229B87D700D7E9B4 /* PBXContainerItemProxy */ = {
			isa = PBXContainerItemProxy;
			containerPortal = A5A77212229B87D700D7E9B4 /* GPUImage.xcodeproj */;
			proxyType = 2;
			remoteGlobalIDString = BC6E7CAB1C39A9D8006DF678;
			remoteInfo = GPUImage_macOS;
		};
		A5A7721B229B87D700D7E9B4 /* PBXContainerItemProxy */ = {
			isa = PBXContainerItemProxy;
			containerPortal = A5A77212229B87D700D7E9B4 /* GPUImage.xcodeproj */;
			proxyType = 2;
			remoteGlobalIDString = BC6E7CB51C39A9D8006DF678;
			remoteInfo = GPUImageTests_macOS;
		};
		A5A7721D229B87D700D7E9B4 /* PBXContainerItemProxy */ = {
			isa = PBXContainerItemProxy;
			containerPortal = A5A77212229B87D700D7E9B4 /* GPUImage.xcodeproj */;
			proxyType = 2;
			remoteGlobalIDString = BC9E34E91E524A2200B8604F;
			remoteInfo = GPUImage_iOS;
		};
		A5A7721F229B87D700D7E9B4 /* PBXContainerItemProxy */ = {
			isa = PBXContainerItemProxy;
			containerPortal = A5A77212229B87D700D7E9B4 /* GPUImage.xcodeproj */;
			proxyType = 2;
			remoteGlobalIDString = BC9E34F11E524A2200B8604F;
			remoteInfo = GPUImageTests_iOS;
		};
		A5A77224229B881700D7E9B4 /* PBXContainerItemProxy */ = {
			isa = PBXContainerItemProxy;
			containerPortal = A5A77212229B87D700D7E9B4 /* GPUImage.xcodeproj */;
			proxyType = 1;
			remoteGlobalIDString = BC9E34E81E524A2200B8604F;
			remoteInfo = GPUImage_iOS;
		};
/* End PBXContainerItemProxy section */

/* Begin PBXCopyFilesBuildPhase section */
		A5A77226229B881800D7E9B4 /* Embed Frameworks */ = {
			isa = PBXCopyFilesBuildPhase;
			buildActionMask = 2147483647;
			dstPath = "";
			dstSubfolderSpec = 10;
			files = (
				A5A77223229B881700D7E9B4 /* GPUImage.framework in Embed Frameworks */,
			);
			name = "Embed Frameworks";
			runOnlyForDeploymentPostprocessing = 0;
		};
/* End PBXCopyFilesBuildPhase section */

/* Begin PBXFileReference section */
		261B640428F3B4947B54779A /* Pods_swiftPlayer.framework */ = {isa = PBXFileReference; explicitFileType = wrapper.framework; includeInIndex = 0; path = Pods_swiftPlayer.framework; sourceTree = BUILT_PRODUCTS_DIR; };
		A5652B781E5337830087B2C0 /* swiftPlayer.app */ = {isa = PBXFileReference; explicitFileType = wrapper.application; includeInIndex = 0; path = swiftPlayer.app; sourceTree = BUILT_PRODUCTS_DIR; };
		A5652B7B1E5337830087B2C0 /* AppDelegate.swift */ = {isa = PBXFileReference; lastKnownFileType = sourcecode.swift; path = AppDelegate.swift; sourceTree = "<group>"; };
		A5652B7D1E5337840087B2C0 /* ViewController.swift */ = {isa = PBXFileReference; lastKnownFileType = sourcecode.swift; path = ViewController.swift; sourceTree = "<group>"; };
		A5652B801E5337840087B2C0 /* Base */ = {isa = PBXFileReference; lastKnownFileType = file.storyboard; name = Base; path = Base.lproj/Main.storyboard; sourceTree = "<group>"; };
		A5652B821E5337850087B2C0 /* Assets.xcassets */ = {isa = PBXFileReference; lastKnownFileType = folder.assetcatalog; path = Assets.xcassets; sourceTree = "<group>"; };
		A5652B851E5337850087B2C0 /* Base */ = {isa = PBXFileReference; lastKnownFileType = file.storyboard; name = Base; path = Base.lproj/LaunchScreen.storyboard; sourceTree = "<group>"; };
		A5652B871E5337850087B2C0 /* Info.plist */ = {isa = PBXFileReference; lastKnownFileType = text.plist.xml; path = Info.plist; sourceTree = "<group>"; };
		A57D6CB41E589305002D275B /* Metal.framework */ = {isa = PBXFileReference; lastKnownFileType = wrapper.framework; name = Metal.framework; path = System/Library/Frameworks/Metal.framework; sourceTree = SDKROOT; };
		A5A77212229B87D700D7E9B4 /* GPUImage.xcodeproj */ = {isa = PBXFileReference; lastKnownFileType = "wrapper.pb-project"; name = GPUImage.xcodeproj; path = GPUImage/framework/GPUImage.xcodeproj; sourceTree = "<group>"; };
		CB0C65E21FF3489100CBDAC4 /* Foundation.framework */ = {isa = PBXFileReference; lastKnownFileType = wrapper.framework; name = Foundation.framework; path = System/Library/Frameworks/Foundation.framework; sourceTree = SDKROOT; };
		CB70C04B1E53FA3900AE1DC1 /* FFmpeg.h */ = {isa = PBXFileReference; lastKnownFileType = sourcecode.c.h; path = FFmpeg.h; sourceTree = "<group>"; };
		CB70C04E1E53FB4400AE1DC1 /* libavcodec.a */ = {isa = PBXFileReference; lastKnownFileType = archive.ar; name = libavcodec.a; path = "FFmpeg-iOS-build-script/FFmpeg-iOS/lib/libavcodec.a"; sourceTree = "<group>"; };
		CB70C04F1E53FB4400AE1DC1 /* libavdevice.a */ = {isa = PBXFileReference; lastKnownFileType = archive.ar; name = libavdevice.a; path = "FFmpeg-iOS-build-script/FFmpeg-iOS/lib/libavdevice.a"; sourceTree = "<group>"; };
		CB70C0501E53FB4400AE1DC1 /* libavfilter.a */ = {isa = PBXFileReference; lastKnownFileType = archive.ar; name = libavfilter.a; path = "FFmpeg-iOS-build-script/FFmpeg-iOS/lib/libavfilter.a"; sourceTree = "<group>"; };
		CB70C0511E53FB4400AE1DC1 /* libavformat.a */ = {isa = PBXFileReference; lastKnownFileType = archive.ar; name = libavformat.a; path = "FFmpeg-iOS-build-script/FFmpeg-iOS/lib/libavformat.a"; sourceTree = "<group>"; };
		CB70C0521E53FB4400AE1DC1 /* libavutil.a */ = {isa = PBXFileReference; lastKnownFileType = archive.ar; name = libavutil.a; path = "FFmpeg-iOS-build-script/FFmpeg-iOS/lib/libavutil.a"; sourceTree = "<group>"; };
		CB70C0531E53FB4400AE1DC1 /* libswresample.a */ = {isa = PBXFileReference; lastKnownFileType = archive.ar; name = libswresample.a; path = "FFmpeg-iOS-build-script/FFmpeg-iOS/lib/libswresample.a"; sourceTree = "<group>"; };
		CB70C0541E53FB4400AE1DC1 /* libswscale.a */ = {isa = PBXFileReference; lastKnownFileType = archive.ar; name = libswscale.a; path = "FFmpeg-iOS-build-script/FFmpeg-iOS/lib/libswscale.a"; sourceTree = "<group>"; };
		CB70C05E1E53FBC600AE1DC1 /* CoreVideo.framework */ = {isa = PBXFileReference; lastKnownFileType = wrapper.framework; name = CoreVideo.framework; path = System/Library/Frameworks/CoreVideo.framework; sourceTree = SDKROOT; };
		CB70C0611E53FBFA00AE1DC1 /* VideoToolbox.framework */ = {isa = PBXFileReference; lastKnownFileType = wrapper.framework; name = VideoToolbox.framework; path = System/Library/Frameworks/VideoToolbox.framework; sourceTree = SDKROOT; };
		CB70C0631E53FCFA00AE1DC1 /* libz.tbd */ = {isa = PBXFileReference; lastKnownFileType = "sourcecode.text-based-dylib-definition"; name = libz.tbd; path = usr/lib/libz.tbd; sourceTree = SDKROOT; };
		CB70C0651E53FD0400AE1DC1 /* libbz2.tbd */ = {isa = PBXFileReference; lastKnownFileType = "sourcecode.text-based-dylib-definition"; name = libbz2.tbd; path = usr/lib/libbz2.tbd; sourceTree = SDKROOT; };
		CB70C0671E53FD0C00AE1DC1 /* libiconv.tbd */ = {isa = PBXFileReference; lastKnownFileType = "sourcecode.text-based-dylib-definition"; name = libiconv.tbd; path = usr/lib/libiconv.tbd; sourceTree = SDKROOT; };
		CB70C0691E53FD2B00AE1DC1 /* CoreMedia.framework */ = {isa = PBXFileReference; lastKnownFileType = wrapper.framework; name = CoreMedia.framework; path = System/Library/Frameworks/CoreMedia.framework; sourceTree = SDKROOT; };
		CB70C06B1E53FD3400AE1DC1 /* AudioToolbox.framework */ = {isa = PBXFileReference; lastKnownFileType = wrapper.framework; name = AudioToolbox.framework; path = System/Library/Frameworks/AudioToolbox.framework; sourceTree = SDKROOT; };
		CB70C06D1E53FD5D00AE1DC1 /* module.map */ = {isa = PBXFileReference; fileEncoding = 4; lastKnownFileType = "sourcecode.module-map"; path = module.map; sourceTree = "<group>"; };
		D320EAC4561311EF911D0FF5 /* Pods-swiftPlayer.debug.xcconfig */ = {isa = PBXFileReference; includeInIndex = 1; lastKnownFileType = text.xcconfig; name = "Pods-swiftPlayer.debug.xcconfig"; path = "Pods/Target Support Files/Pods-swiftPlayer/Pods-swiftPlayer.debug.xcconfig"; sourceTree = "<group>"; };
		E945D9F1644821C07EAF1315 /* Pods-swiftPlayer.release.xcconfig */ = {isa = PBXFileReference; includeInIndex = 1; lastKnownFileType = text.xcconfig; name = "Pods-swiftPlayer.release.xcconfig"; path = "Pods/Target Support Files/Pods-swiftPlayer/Pods-swiftPlayer.release.xcconfig"; sourceTree = "<group>"; };
/* End PBXFileReference section */

/* Begin PBXFrameworksBuildPhase section */
		A5652B751E5337830087B2C0 /* Frameworks */ = {
			isa = PBXFrameworksBuildPhase;
			buildActionMask = 2147483647;
			files = (
				CB0C65E31FF3489100CBDAC4 /* Foundation.framework in Frameworks */,
				A57D6CB51E589305002D275B /* Metal.framework in Frameworks */,
				CB70C06C1E53FD3400AE1DC1 /* AudioToolbox.framework in Frameworks */,
				CB70C06A1E53FD2B00AE1DC1 /* CoreMedia.framework in Frameworks */,
				CB70C0681E53FD0C00AE1DC1 /* libiconv.tbd in Frameworks */,
				CB70C0661E53FD0400AE1DC1 /* libbz2.tbd in Frameworks */,
				CB70C0641E53FCFA00AE1DC1 /* libz.tbd in Frameworks */,
				CB70C0621E53FBFA00AE1DC1 /* VideoToolbox.framework in Frameworks */,
				E5FB847D66032FF3CF6561A5 /* Pods_swiftPlayer.framework in Frameworks */,
				CB70C0551E53FB4400AE1DC1 /* libavcodec.a in Frameworks */,
				CB70C0561E53FB4400AE1DC1 /* libavdevice.a in Frameworks */,
				CB70C0571E53FB4400AE1DC1 /* libavfilter.a in Frameworks */,
				CB70C0581E53FB4400AE1DC1 /* libavformat.a in Frameworks */,
				A5A77222229B881700D7E9B4 /* GPUImage.framework in Frameworks */,
				CB70C0591E53FB4400AE1DC1 /* libavutil.a in Frameworks */,
				CB70C05A1E53FB4400AE1DC1 /* libswresample.a in Frameworks */,
				CB70C05B1E53FB4400AE1DC1 /* libswscale.a in Frameworks */,
			);
			runOnlyForDeploymentPostprocessing = 0;
		};
/* End PBXFrameworksBuildPhase section */

/* Begin PBXGroup section */
		300865855275F63A9D6C54FB /* Frameworks */ = {
			isa = PBXGroup;
			children = (
				A5A77212229B87D700D7E9B4 /* GPUImage.xcodeproj */,
				CB0C65E21FF3489100CBDAC4 /* Foundation.framework */,
				A57D6CB41E589305002D275B /* Metal.framework */,
				CB70C06B1E53FD3400AE1DC1 /* AudioToolbox.framework */,
				CB70C0691E53FD2B00AE1DC1 /* CoreMedia.framework */,
				CB70C0671E53FD0C00AE1DC1 /* libiconv.tbd */,
				CB70C0651E53FD0400AE1DC1 /* libbz2.tbd */,
				CB70C0631E53FCFA00AE1DC1 /* libz.tbd */,
				CB70C0611E53FBFA00AE1DC1 /* VideoToolbox.framework */,
				CB70C05E1E53FBC600AE1DC1 /* CoreVideo.framework */,
				CB70C04E1E53FB4400AE1DC1 /* libavcodec.a */,
				CB70C04F1E53FB4400AE1DC1 /* libavdevice.a */,
				CB70C0501E53FB4400AE1DC1 /* libavfilter.a */,
				CB70C0511E53FB4400AE1DC1 /* libavformat.a */,
				CB70C0521E53FB4400AE1DC1 /* libavutil.a */,
				CB70C0531E53FB4400AE1DC1 /* libswresample.a */,
				CB70C0541E53FB4400AE1DC1 /* libswscale.a */,
				261B640428F3B4947B54779A /* Pods_swiftPlayer.framework */,
			);
			name = Frameworks;
			sourceTree = "<group>";
		};
		77F6C51A23BB36723EAC3997 /* Pods */ = {
			isa = PBXGroup;
			children = (
				D320EAC4561311EF911D0FF5 /* Pods-swiftPlayer.debug.xcconfig */,
				E945D9F1644821C07EAF1315 /* Pods-swiftPlayer.release.xcconfig */,
			);
			name = Pods;
			sourceTree = "<group>";
		};
		A5652B6F1E5337830087B2C0 = {
			isa = PBXGroup;
			children = (
				A5652B7A1E5337830087B2C0 /* swiftPlayer */,
				A5652B791E5337830087B2C0 /* Products */,
				77F6C51A23BB36723EAC3997 /* Pods */,
				300865855275F63A9D6C54FB /* Frameworks */,
			);
			sourceTree = "<group>";
		};
		A5652B791E5337830087B2C0 /* Products */ = {
			isa = PBXGroup;
			children = (
				A5652B781E5337830087B2C0 /* swiftPlayer.app */,
			);
			name = Products;
			sourceTree = "<group>";
		};
		A5652B7A1E5337830087B2C0 /* swiftPlayer */ = {
			isa = PBXGroup;
			children = (
				CB70C0491E53F91100AE1DC1 /* PlayerModule */,
				A5652B7B1E5337830087B2C0 /* AppDelegate.swift */,
				A5652B7D1E5337840087B2C0 /* ViewController.swift */,
				A5652B7F1E5337840087B2C0 /* Main.storyboard */,
				A5652B821E5337850087B2C0 /* Assets.xcassets */,
				A5652B841E5337850087B2C0 /* LaunchScreen.storyboard */,
				A5652B871E5337850087B2C0 /* Info.plist */,
			);
			path = swiftPlayer;
			sourceTree = "<group>";
		};
		A5A77213229B87D700D7E9B4 /* Products */ = {
			isa = PBXGroup;
			children = (
				A5A7721A229B87D700D7E9B4 /* GPUImage.framework */,
				A5A7721C229B87D700D7E9B4 /* GPUImageTests_macOS.xctest */,
				A5A7721E229B87D700D7E9B4 /* GPUImage.framework */,
				A5A77220229B87D700D7E9B4 /* GPUImageTests_iOS.xctest */,
			);
			name = Products;
			sourceTree = "<group>";
		};
		CB70C0491E53F91100AE1DC1 /* PlayerModule */ = {
			isa = PBXGroup;
			children = (
				CB70C04B1E53FA3900AE1DC1 /* FFmpeg.h */,
				CB70C06D1E53FD5D00AE1DC1 /* module.map */,
			);
			name = PlayerModule;
			sourceTree = "<group>";
		};
/* End PBXGroup section */

/* Begin PBXNativeTarget section */
		A5652B771E5337830087B2C0 /* swiftPlayer */ = {
			isa = PBXNativeTarget;
			buildConfigurationList = A5652B8A1E5337850087B2C0 /* Build configuration list for PBXNativeTarget "swiftPlayer" */;
			buildPhases = (
				3071A0AEE1DBE55DD0A78D91 /* [CP] Check Pods Manifest.lock */,
				A5652B741E5337830087B2C0 /* Sources */,
				A5652B751E5337830087B2C0 /* Frameworks */,
				A5652B761E5337830087B2C0 /* Resources */,
				A5A77226229B881800D7E9B4 /* Embed Frameworks */,
			);
			buildRules = (
			);
			dependencies = (
				A5A77225229B881700D7E9B4 /* PBXTargetDependency */,
			);
			name = swiftPlayer;
			productName = swiftPlayer;
			productReference = A5652B781E5337830087B2C0 /* swiftPlayer.app */;
			productType = "com.apple.product-type.application";
		};
/* End PBXNativeTarget section */

/* Begin PBXProject section */
		A5652B701E5337830087B2C0 /* Project object */ = {
			isa = PBXProject;
			attributes = {
				LastSwiftUpdateCheck = 0820;
				LastUpgradeCheck = 1020;
				ORGANIZATIONNAME = "Kim. Dae-Hyun";
				TargetAttributes = {
					A5652B771E5337830087B2C0 = {
						CreatedOnToolsVersion = 8.2.1;
						DevelopmentTeam = 28K9LD277B;
						LastSwiftMigration = 1020;
						ProvisioningStyle = Automatic;
					};
				};
			};
			buildConfigurationList = A5652B731E5337830087B2C0 /* Build configuration list for PBXProject "swiftPlayer" */;
			compatibilityVersion = "Xcode 3.2";
			developmentRegion = en;
			hasScannedForEncodings = 0;
			knownRegions = (
				en,
				Base,
			);
			mainGroup = A5652B6F1E5337830087B2C0;
			productRefGroup = A5652B791E5337830087B2C0 /* Products */;
			projectDirPath = "";
			projectReferences = (
				{
					ProductGroup = A5A77213229B87D700D7E9B4 /* Products */;
					ProjectRef = A5A77212229B87D700D7E9B4 /* GPUImage.xcodeproj */;
				},
			);
			projectRoot = "";
			targets = (
				A5652B771E5337830087B2C0 /* swiftPlayer */,
			);
		};
/* End PBXProject section */

/* Begin PBXReferenceProxy section */
		A5A7721A229B87D700D7E9B4 /* GPUImage.framework */ = {
			isa = PBXReferenceProxy;
			fileType = wrapper.framework;
			path = GPUImage.framework;
			remoteRef = A5A77219229B87D700D7E9B4 /* PBXContainerItemProxy */;
			sourceTree = BUILT_PRODUCTS_DIR;
		};
		A5A7721C229B87D700D7E9B4 /* GPUImageTests_macOS.xctest */ = {
			isa = PBXReferenceProxy;
			fileType = wrapper.cfbundle;
			path = GPUImageTests_macOS.xctest;
			remoteRef = A5A7721B229B87D700D7E9B4 /* PBXContainerItemProxy */;
			sourceTree = BUILT_PRODUCTS_DIR;
		};
		A5A7721E229B87D700D7E9B4 /* GPUImage.framework */ = {
			isa = PBXReferenceProxy;
			fileType = wrapper.framework;
			path = GPUImage.framework;
			remoteRef = A5A7721D229B87D700D7E9B4 /* PBXContainerItemProxy */;
			sourceTree = BUILT_PRODUCTS_DIR;
		};
		A5A77220229B87D700D7E9B4 /* GPUImageTests_iOS.xctest */ = {
			isa = PBXReferenceProxy;
			fileType = wrapper.cfbundle;
			path = GPUImageTests_iOS.xctest;
			remoteRef = A5A7721F229B87D700D7E9B4 /* PBXContainerItemProxy */;
			sourceTree = BUILT_PRODUCTS_DIR;
		};
/* End PBXReferenceProxy section */

/* Begin PBXResourcesBuildPhase section */
		A5652B761E5337830087B2C0 /* Resources */ = {
			isa = PBXResourcesBuildPhase;
			buildActionMask = 2147483647;
			files = (
				A5652B861E5337850087B2C0 /* LaunchScreen.storyboard in Resources */,
				A5652B831E5337850087B2C0 /* Assets.xcassets in Resources */,
				A5652B811E5337840087B2C0 /* Main.storyboard in Resources */,
			);
			runOnlyForDeploymentPostprocessing = 0;
		};
/* End PBXResourcesBuildPhase section */

/* Begin PBXShellScriptBuildPhase section */
		3071A0AEE1DBE55DD0A78D91 /* [CP] Check Pods Manifest.lock */ = {
			isa = PBXShellScriptBuildPhase;
			buildActionMask = 2147483647;
			files = (
			);
			inputPaths = (
				"${PODS_PODFILE_DIR_PATH}/Podfile.lock",
				"${PODS_ROOT}/Manifest.lock",
			);
			name = "[CP] Check Pods Manifest.lock";
			outputPaths = (
				"$(DERIVED_FILE_DIR)/Pods-swiftPlayer-checkManifestLockResult.txt",
			);
			runOnlyForDeploymentPostprocessing = 0;
			shellPath = /bin/sh;
			shellScript = "diff \"${PODS_PODFILE_DIR_PATH}/Podfile.lock\" \"${PODS_ROOT}/Manifest.lock\" > /dev/null\nif [ $? != 0 ] ; then\n    # print error to STDERR\n    echo \"error: The sandbox is not in sync with the Podfile.lock. Run 'pod install' or update your CocoaPods installation.\" >&2\n    exit 1\nfi\n# This output is used by Xcode 'outputs' to avoid re-running this script phase.\necho \"SUCCESS\" > \"${SCRIPT_OUTPUT_FILE_0}\"\n";
			showEnvVarsInLog = 0;
		};
/* End PBXShellScriptBuildPhase section */

/* Begin PBXSourcesBuildPhase section */
		A5652B741E5337830087B2C0 /* Sources */ = {
			isa = PBXSourcesBuildPhase;
			buildActionMask = 2147483647;
			files = (
				A5652B7E1E5337840087B2C0 /* ViewController.swift in Sources */,
				A5652B7C1E5337830087B2C0 /* AppDelegate.swift in Sources */,
			);
			runOnlyForDeploymentPostprocessing = 0;
		};
/* End PBXSourcesBuildPhase section */

/* Begin PBXTargetDependency section */
		A5A77225229B881700D7E9B4 /* PBXTargetDependency */ = {
			isa = PBXTargetDependency;
			name = GPUImage_iOS;
			targetProxy = A5A77224229B881700D7E9B4 /* PBXContainerItemProxy */;
		};
/* End PBXTargetDependency section */

/* Begin PBXVariantGroup section */
		A5652B7F1E5337840087B2C0 /* Main.storyboard */ = {
			isa = PBXVariantGroup;
			children = (
				A5652B801E5337840087B2C0 /* Base */,
			);
			name = Main.storyboard;
			sourceTree = "<group>";
		};
		A5652B841E5337850087B2C0 /* LaunchScreen.storyboard */ = {
			isa = PBXVariantGroup;
			children = (
				A5652B851E5337850087B2C0 /* Base */,
			);
			name = LaunchScreen.storyboard;
			sourceTree = "<group>";
		};
/* End PBXVariantGroup section */

/* Begin XCBuildConfiguration section */
		A5652B881E5337850087B2C0 /* Debug */ = {
			isa = XCBuildConfiguration;
			buildSettings = {
				ALWAYS_SEARCH_USER_PATHS = NO;
				CLANG_ANALYZER_NONNULL = YES;
				CLANG_CXX_LANGUAGE_STANDARD = "gnu++0x";
				CLANG_CXX_LIBRARY = "libc++";
				CLANG_ENABLE_MODULES = YES;
				CLANG_ENABLE_OBJC_ARC = YES;
				CLANG_WARN_BLOCK_CAPTURE_AUTORELEASING = YES;
				CLANG_WARN_BOOL_CONVERSION = YES;
				CLANG_WARN_COMMA = YES;
				CLANG_WARN_CONSTANT_CONVERSION = YES;
				CLANG_WARN_DEPRECATED_OBJC_IMPLEMENTATIONS = YES;
				CLANG_WARN_DIRECT_OBJC_ISA_USAGE = YES_ERROR;
				CLANG_WARN_DOCUMENTATION_COMMENTS = YES;
				CLANG_WARN_EMPTY_BODY = YES;
				CLANG_WARN_ENUM_CONVERSION = YES;
				CLANG_WARN_INFINITE_RECURSION = YES;
				CLANG_WARN_INT_CONVERSION = YES;
				CLANG_WARN_NON_LITERAL_NULL_CONVERSION = YES;
				CLANG_WARN_OBJC_IMPLICIT_RETAIN_SELF = YES;
				CLANG_WARN_OBJC_LITERAL_CONVERSION = YES;
				CLANG_WARN_OBJC_ROOT_CLASS = YES_ERROR;
				CLANG_WARN_RANGE_LOOP_ANALYSIS = YES;
				CLANG_WARN_STRICT_PROTOTYPES = YES;
				CLANG_WARN_SUSPICIOUS_MOVE = YES;
				CLANG_WARN_UNREACHABLE_CODE = YES;
				CLANG_WARN__DUPLICATE_METHOD_MATCH = YES;
				"CODE_SIGN_IDENTITY[sdk=iphoneos*]" = "iPhone Developer";
				COPY_PHASE_STRIP = NO;
				DEBUG_INFORMATION_FORMAT = dwarf;
				ENABLE_STRICT_OBJC_MSGSEND = YES;
				ENABLE_TESTABILITY = YES;
				GCC_C_LANGUAGE_STANDARD = gnu99;
				GCC_DYNAMIC_NO_PIC = NO;
				GCC_NO_COMMON_BLOCKS = YES;
				GCC_OPTIMIZATION_LEVEL = 0;
				GCC_PREPROCESSOR_DEFINITIONS = (
					"DEBUG=1",
					"$(inherited)",
				);
				GCC_WARN_64_TO_32_BIT_CONVERSION = YES;
				GCC_WARN_ABOUT_RETURN_TYPE = YES_ERROR;
				GCC_WARN_UNDECLARED_SELECTOR = YES;
				GCC_WARN_UNINITIALIZED_AUTOS = YES_AGGRESSIVE;
				GCC_WARN_UNUSED_FUNCTION = YES;
				GCC_WARN_UNUSED_VARIABLE = YES;
				IPHONEOS_DEPLOYMENT_TARGET = 10.2;
				MTL_ENABLE_DEBUG_INFO = YES;
				ONLY_ACTIVE_ARCH = YES;
				SDKROOT = iphoneos;
				SWIFT_ACTIVE_COMPILATION_CONDITIONS = DEBUG;
				SWIFT_OPTIMIZATION_LEVEL = "-Onone";
				TARGETED_DEVICE_FAMILY = "1,2";
			};
			name = Debug;
		};
		A5652B891E5337850087B2C0 /* Release */ = {
			isa = XCBuildConfiguration;
			buildSettings = {
				ALWAYS_SEARCH_USER_PATHS = NO;
				CLANG_ANALYZER_NONNULL = YES;
				CLANG_CXX_LANGUAGE_STANDARD = "gnu++0x";
				CLANG_CXX_LIBRARY = "libc++";
				CLANG_ENABLE_MODULES = YES;
				CLANG_ENABLE_OBJC_ARC = YES;
				CLANG_WARN_BLOCK_CAPTURE_AUTORELEASING = YES;
				CLANG_WARN_BOOL_CONVERSION = YES;
				CLANG_WARN_COMMA = YES;
				CLANG_WARN_CONSTANT_CONVERSION = YES;
				CLANG_WARN_DEPRECATED_OBJC_IMPLEMENTATIONS = YES;
				CLANG_WARN_DIRECT_OBJC_ISA_USAGE = YES_ERROR;
				CLANG_WARN_DOCUMENTATION_COMMENTS = YES;
				CLANG_WARN_EMPTY_BODY = YES;
				CLANG_WARN_ENUM_CONVERSION = YES;
				CLANG_WARN_INFINITE_RECURSION = YES;
				CLANG_WARN_INT_CONVERSION = YES;
				CLANG_WARN_NON_LITERAL_NULL_CONVERSION = YES;
				CLANG_WARN_OBJC_IMPLICIT_RETAIN_SELF = YES;
				CLANG_WARN_OBJC_LITERAL_CONVERSION = YES;
				CLANG_WARN_OBJC_ROOT_CLASS = YES_ERROR;
				CLANG_WARN_RANGE_LOOP_ANALYSIS = YES;
				CLANG_WARN_STRICT_PROTOTYPES = YES;
				CLANG_WARN_SUSPICIOUS_MOVE = YES;
				CLANG_WARN_UNREACHABLE_CODE = YES;
				CLANG_WARN__DUPLICATE_METHOD_MATCH = YES;
				"CODE_SIGN_IDENTITY[sdk=iphoneos*]" = "iPhone Developer";
				COPY_PHASE_STRIP = NO;
				DEBUG_INFORMATION_FORMAT = "dwarf-with-dsym";
				ENABLE_NS_ASSERTIONS = NO;
				ENABLE_STRICT_OBJC_MSGSEND = YES;
				GCC_C_LANGUAGE_STANDARD = gnu99;
				GCC_NO_COMMON_BLOCKS = YES;
				GCC_WARN_64_TO_32_BIT_CONVERSION = YES;
				GCC_WARN_ABOUT_RETURN_TYPE = YES_ERROR;
				GCC_WARN_UNDECLARED_SELECTOR = YES;
				GCC_WARN_UNINITIALIZED_AUTOS = YES_AGGRESSIVE;
				GCC_WARN_UNUSED_FUNCTION = YES;
				GCC_WARN_UNUSED_VARIABLE = YES;
				IPHONEOS_DEPLOYMENT_TARGET = 10.2;
				MTL_ENABLE_DEBUG_INFO = NO;
				SDKROOT = iphoneos;
				SWIFT_OPTIMIZATION_LEVEL = "-Owholemodule";
				TARGETED_DEVICE_FAMILY = "1,2";
				VALIDATE_PRODUCT = YES;
			};
			name = Release;
		};
		A5652B8B1E5337850087B2C0 /* Debug */ = {
			isa = XCBuildConfiguration;
			baseConfigurationReference = D320EAC4561311EF911D0FF5 /* Pods-swiftPlayer.debug.xcconfig */;
			buildSettings = {
				ALWAYS_EMBED_SWIFT_STANDARD_LIBRARIES = YES;
				ASSETCATALOG_COMPILER_APPICON_NAME = AppIcon;
				CLANG_ENABLE_MODULES = YES;
				DEVELOPMENT_TEAM = 28K9LD277B;
				FRAMEWORK_SEARCH_PATHS = (
					"$(inherited)",
					"$(PROJECT_DIR)",
				);
				HEADER_SEARCH_PATHS = "$(PROJECT_DIR)/FFmpeg-iOS-build-script/FFmpeg-iOS/include";
				INFOPLIST_FILE = swiftPlayer/Info.plist;
				LD_RUNPATH_SEARCH_PATHS = "$(inherited) @executable_path/Frameworks";
				LIBRARY_SEARCH_PATHS = "$(PROJECT_DIR)/FFmpeg-iOS-build-script/FFmpeg-iOS/lib";
				PRODUCT_BUNDLE_IDENTIFIER = com.mycisco.swiftPlayer;
				PRODUCT_NAME = "$(TARGET_NAME)";
				SWIFT_INCLUDE_PATHS = "$(PROJECT_DIR)/swiftPlayer";
				SWIFT_OPTIMIZATION_LEVEL = "-Onone";
				SWIFT_VERSION = 5.0;
			};
			name = Debug;
		};
		A5652B8C1E5337850087B2C0 /* Release */ = {
			isa = XCBuildConfiguration;
			baseConfigurationReference = E945D9F1644821C07EAF1315 /* Pods-swiftPlayer.release.xcconfig */;
			buildSettings = {
				ALWAYS_EMBED_SWIFT_STANDARD_LIBRARIES = YES;
				ASSETCATALOG_COMPILER_APPICON_NAME = AppIcon;
				CLANG_ENABLE_MODULES = YES;
				DEVELOPMENT_TEAM = 28K9LD277B;
				FRAMEWORK_SEARCH_PATHS = (
					"$(inherited)",
					"$(PROJECT_DIR)",
				);
				HEADER_SEARCH_PATHS = "$(PROJECT_DIR)/FFmpeg-iOS-build-script/FFmpeg-iOS/include";
				INFOPLIST_FILE = swiftPlayer/Info.plist;
				LD_RUNPATH_SEARCH_PATHS = "$(inherited) @executable_path/Frameworks";
				LIBRARY_SEARCH_PATHS = "$(PROJECT_DIR)/FFmpeg-iOS-build-script/FFmpeg-iOS/lib";
				PRODUCT_BUNDLE_IDENTIFIER = com.mycisco.swiftPlayer;
				PRODUCT_NAME = "$(TARGET_NAME)";
				SWIFT_INCLUDE_PATHS = "$(PROJECT_DIR)/swiftPlayer";
				SWIFT_VERSION = 5.0;
			};
			name = Release;
		};
/* End XCBuildConfiguration section */

/* Begin XCConfigurationList section */
		A5652B731E5337830087B2C0 /* Build configuration list for PBXProject "swiftPlayer" */ = {
			isa = XCConfigurationList;
			buildConfigurations = (
				A5652B881E5337850087B2C0 /* Debug */,
				A5652B891E5337850087B2C0 /* Release */,
			);
			defaultConfigurationIsVisible = 0;
			defaultConfigurationName = Release;
		};
		A5652B8A1E5337850087B2C0 /* Build configuration list for PBXNativeTarget "swiftPlayer" */ = {
			isa = XCConfigurationList;
			buildConfigurations = (
				A5652B8B1E5337850087B2C0 /* Debug */,
				A5652B8C1E5337850087B2C0 /* Release */,
			);
			defaultConfigurationIsVisible = 0;
			defaultConfigurationName = Release;
		};
/* End XCConfigurationList section */
	};
	rootObject = A5652B701E5337830087B2C0 /* Project object */;
}
